PODS:
  - HPLibRTMP (0.0.2):
    - pili-librtmp
  - pili-librtmp (1.0.7)

DEPENDENCIES:
  - HPLibRTMP (from `../`)

SPEC REPOS:
  trunk:
    - pili-librtmp

EXTERNAL SOURCES:
  HPLibRTMP:
    :path: "../"

SPEC CHECKSUMS:
  HPLibRTMP: 76870cfca60a290e5672655a8b3e98b7e6086901
  pili-librtmp: e8a06a45b0a1a166c48ae6dc718171c0963f32ea

PODFILE CHECKSUM: 2248488eb5bbd67c526b9a2aeaf724322db8635e

COCOAPODS: 1.9.1
